// !$*UTF8*$!
{
	archiveVersion = 1;
	classes = {
	};
	objectVersion = 46;
	objects = {

/* Begin PBXBuildFile section */
		495BAC6318DCCC6200785BC8 /* Foundation.framework in Frameworks */ = {isa = PBXBuildFile; fileRef = 495BAC6218DCCC6200785BC8 /* Foundation.framework */; };
		495BAC6518DCCC6200785BC8 /* CoreGraphics.framework in Frameworks */ = {isa = PBXBuildFile; fileRef = 495BAC6418DCCC6200785BC8 /* CoreGraphics.framework */; };
		495BAC6718DCCC6200785BC8 /* UIKit.framework in Frameworks */ = {isa = PBXBuildFile; fileRef = 495BAC6618DCCC6200785BC8 /* UIKit.framework */; };
		495BAC6D18DCCC6200785BC8 /* InfoPlist.strings in Resources */ = {isa = PBXBuildFile; fileRef = 495BAC6B18DCCC6200785BC8 /* InfoPlist.strings */; };
		495BAC6F18DCCC6200785BC8 /* main.m in Sources */ = {isa = PBXBuildFile; fileRef = 495BAC6E18DCCC6200785BC8 /* main.m */; };
		495BAC7318DCCC6200785BC8 /* TWTAppDelegate.m in Sources */ = {isa = PBXBuildFile; fileRef = 495BAC7218DCCC6200785BC8 /* TWTAppDelegate.m */; };
		495BAC7518DCCC6200785BC8 /* Images.xcassets in Resources */ = {isa = PBXBuildFile; fileRef = 495BAC7418DCCC6200785BC8 /* Images.xcassets */; };
		495BAC9318DCCD8400785BC8 /* TWTViewController.m in Sources */ = {isa = PBXBuildFile; fileRef = 495BAC9218DCCD8400785BC8 /* TWTViewController.m */; };
		496052DC18EB332200235E06 /* TWTPopTransitionController.m in Sources */ = {isa = PBXBuildFile; fileRef = 496052DB18EB332200235E06 /* TWTPopTransitionController.m */; };
		496052DF18EB352900235E06 /* UIColor+TWTNext.m in Sources */ = {isa = PBXBuildFile; fileRef = 496052DE18EB352900235E06 /* UIColor+TWTNext.m */; };
		D8CBFDC11E1845FCAE071B3A /* libPods.a in Frameworks */ = {isa = PBXBuildFile; fileRef = 5896681D26EB4561B7C0AFF1 /* libPods.a */; };
/* End PBXBuildFile section */

/* Begin PBXFileReference section */
		324B6C20AB7040B1A475C5D2 /* Pods.xcconfig */ = {isa = PBXFileReference; includeInIndex = 1; lastKnownFileType = text.xcconfig; name = Pods.xcconfig; path = Pods/Pods.xcconfig; sourceTree = "<group>"; };
		495BAC5F18DCCC6200785BC8 /* InteractiveTransitionDemo.app */ = {isa = PBXFileReference; explicitFileType = wrapper.application; includeInIndex = 0; path = InteractiveTransitionDemo.app; sourceTree = BUILT_PRODUCTS_DIR; };
		495BAC6218DCCC6200785BC8 /* Foundation.framework */ = {isa = PBXFileReference; lastKnownFileType = wrapper.framework; name = Foundation.framework; path = System/Library/Frameworks/Foundation.framework; sourceTree = SDKROOT; };
		495BAC6418DCCC6200785BC8 /* CoreGraphics.framework */ = {isa = PBXFileReference; lastKnownFileType = wrapper.framework; name = CoreGraphics.framework; path = System/Library/Frameworks/CoreGraphics.framework; sourceTree = SDKROOT; };
		495BAC6618DCCC6200785BC8 /* UIKit.framework */ = {isa = PBXFileReference; lastKnownFileType = wrapper.framework; name = UIKit.framework; path = System/Library/Frameworks/UIKit.framework; sourceTree = SDKROOT; };
		495BAC6A18DCCC6200785BC8 /* InteractiveTransitionDemo-Info.plist */ = {isa = PBXFileReference; lastKnownFileType = text.plist.xml; path = "InteractiveTransitionDemo-Info.plist"; sourceTree = "<group>"; };
		495BAC6C18DCCC6200785BC8 /* en */ = {isa = PBXFileReference; lastKnownFileType = text.plist.strings; name = en; path = en.lproj/InfoPlist.strings; sourceTree = "<group>"; };
		495BAC6E18DCCC6200785BC8 /* main.m */ = {isa = PBXFileReference; lastKnownFileType = sourcecode.c.objc; path = main.m; sourceTree = "<group>"; };
		495BAC7018DCCC6200785BC8 /* InteractiveTransitionDemo-Prefix.pch */ = {isa = PBXFileReference; lastKnownFileType = sourcecode.c.h; path = "InteractiveTransitionDemo-Prefix.pch"; sourceTree = "<group>"; };
		495BAC7118DCCC6200785BC8 /* TWTAppDelegate.h */ = {isa = PBXFileReference; lastKnownFileType = sourcecode.c.h; path = TWTAppDelegate.h; sourceTree = "<group>"; };
		495BAC7218DCCC6200785BC8 /* TWTAppDelegate.m */ = {isa = PBXFileReference; lastKnownFileType = sourcecode.c.objc; path = TWTAppDelegate.m; sourceTree = "<group>"; };
		495BAC7418DCCC6200785BC8 /* Images.xcassets */ = {isa = PBXFileReference; lastKnownFileType = folder.assetcatalog; path = Images.xcassets; sourceTree = "<group>"; };
		495BAC7B18DCCC6200785BC8 /* XCTest.framework */ = {isa = PBXFileReference; lastKnownFileType = wrapper.framework; name = XCTest.framework; path = Library/Frameworks/XCTest.framework; sourceTree = DEVELOPER_DIR; };
		495BAC9118DCCD8400785BC8 /* TWTViewController.h */ = {isa = PBXFileReference; fileEncoding = 4; lastKnownFileType = sourcecode.c.h; path = TWTViewController.h; sourceTree = "<group>"; };
		495BAC9218DCCD8400785BC8 /* TWTViewController.m */ = {isa = PBXFileReference; fileEncoding = 4; lastKnownFileType = sourcecode.c.objc; path = TWTViewController.m; sourceTree = "<group>"; };
		496052DA18EB332200235E06 /* TWTPopTransitionController.h */ = {isa = PBXFileReference; fileEncoding = 4; lastKnownFileType = sourcecode.c.h; path = TWTPopTransitionController.h; sourceTree = "<group>"; };
		496052DB18EB332200235E06 /* TWTPopTransitionController.m */ = {isa = PBXFileReference; fileEncoding = 4; lastKnownFileType = sourcecode.c.objc; path = TWTPopTransitionController.m; sourceTree = "<group>"; };
		496052DD18EB352900235E06 /* UIColor+TWTNext.h */ = {isa = PBXFileReference; fileEncoding = 4; lastKnownFileType = sourcecode.c.h; path = "UIColor+TWTNext.h"; sourceTree = "<group>"; };
		496052DE18EB352900235E06 /* UIColor+TWTNext.m */ = {isa = PBXFileReference; fileEncoding = 4; lastKnownFileType = sourcecode.c.objc; path = "UIColor+TWTNext.m"; sourceTree = "<group>"; };
		5896681D26EB4561B7C0AFF1 /* libPods.a */ = {isa = PBXFileReference; explicitFileType = archive.ar; includeInIndex = 0; path = libPods.a; sourceTree = BUILT_PRODUCTS_DIR; };
/* End PBXFileReference section */

/* Begin PBXFrameworksBuildPhase section */
		495BAC5C18DCCC6200785BC8 /* Frameworks */ = {
			isa = PBXFrameworksBuildPhase;
			buildActionMask = 2147483647;
			files = (
				495BAC6518DCCC6200785BC8 /* CoreGraphics.framework in Frameworks */,
				495BAC6718DCCC6200785BC8 /* UIKit.framework in Frameworks */,
				495BAC6318DCCC6200785BC8 /* Foundation.framework in Frameworks */,
				D8CBFDC11E1845FCAE071B3A /* libPods.a in Frameworks */,
			);
			runOnlyForDeploymentPostprocessing = 0;
		};
/* End PBXFrameworksBuildPhase section */

/* Begin PBXGroup section */
		495BAC5618DCCC6200785BC8 = {
			isa = PBXGroup;
			children = (
				495BAC6818DCCC6200785BC8 /* InteractiveTransitionDemo */,
				495BAC6118DCCC6200785BC8 /* Frameworks */,
				495BAC6018DCCC6200785BC8 /* Products */,
				324B6C20AB7040B1A475C5D2 /* Pods.xcconfig */,
			);
			sourceTree = "<group>";
		};
		495BAC6018DCCC6200785BC8 /* Products */ = {
			isa = PBXGroup;
			children = (
				495BAC5F18DCCC6200785BC8 /* InteractiveTransitionDemo.app */,
			);
			name = Products;
			sourceTree = "<group>";
		};
		495BAC6118DCCC6200785BC8 /* Frameworks */ = {
			isa = PBXGroup;
			children = (
				495BAC6218DCCC6200785BC8 /* Foundation.framework */,
				495BAC6418DCCC6200785BC8 /* CoreGraphics.framework */,
				495BAC6618DCCC6200785BC8 /* UIKit.framework */,
				495BAC7B18DCCC6200785BC8 /* XCTest.framework */,
				5896681D26EB4561B7C0AFF1 /* libPods.a */,
			);
			name = Frameworks;
			sourceTree = "<group>";
		};
		495BAC6818DCCC6200785BC8 /* InteractiveTransitionDemo */ = {
			isa = PBXGroup;
			children = (
				495BAC7118DCCC6200785BC8 /* TWTAppDelegate.h */,
				495BAC7218DCCC6200785BC8 /* TWTAppDelegate.m */,
				495BAC9118DCCD8400785BC8 /* TWTViewController.h */,
				495BAC9218DCCD8400785BC8 /* TWTViewController.m */,
				495BAC7418DCCC6200785BC8 /* Images.xcassets */,
				495BAC6918DCCC6200785BC8 /* Supporting Files */,
				496052DA18EB332200235E06 /* TWTPopTransitionController.h */,
				496052DB18EB332200235E06 /* TWTPopTransitionController.m */,
				496052DD18EB352900235E06 /* UIColor+TWTNext.h */,
				496052DE18EB352900235E06 /* UIColor+TWTNext.m */,
			);
			path = InteractiveTransitionDemo;
			sourceTree = "<group>";
		};
		495BAC6918DCCC6200785BC8 /* Supporting Files */ = {
			isa = PBXGroup;
			children = (
				495BAC6A18DCCC6200785BC8 /* InteractiveTransitionDemo-Info.plist */,
				495BAC6B18DCCC6200785BC8 /* InfoPlist.strings */,
				495BAC6E18DCCC6200785BC8 /* main.m */,
				495BAC7018DCCC6200785BC8 /* InteractiveTransitionDemo-Prefix.pch */,
			);
			name = "Supporting Files";
			sourceTree = "<group>";
		};
/* End PBXGroup section */

/* Begin PBXNativeTarget section */
		495BAC5E18DCCC6200785BC8 /* InteractiveTransitionDemo */ = {
			isa = PBXNativeTarget;
			buildConfigurationList = 495BAC8B18DCCC6200785BC8 /* Build configuration list for PBXNativeTarget "InteractiveTransitionDemo" */;
			buildPhases = (
				B0E07B879031436391AF897C /* Check Pods Manifest.lock */,
				495BAC5B18DCCC6200785BC8 /* Sources */,
				495BAC5C18DCCC6200785BC8 /* Frameworks */,
				495BAC5D18DCCC6200785BC8 /* Resources */,
				B597793C35DD4314A6803A2F /* Copy Pods Resources */,
			);
			buildRules = (
			);
			dependencies = (
			);
			name = InteractiveTransitionDemo;
			productName = InteractiveTransitionDemo;
			productReference = 495BAC5F18DCCC6200785BC8 /* InteractiveTransitionDemo.app */;
			productType = "com.apple.product-type.application";
		};
/* End PBXNativeTarget section */

/* Begin PBXProject section */
		495BAC5718DCCC6200785BC8 /* Project object */ = {
			isa = PBXProject;
			attributes = {
				CLASSPREFIX = TWT;
				LastUpgradeCheck = 0510;
				ORGANIZATIONNAME = "Two Toasters, LLC";
			};
			buildConfigurationList = 495BAC5A18DCCC6200785BC8 /* Build configuration list for PBXProject "InteractiveTransitionDemo" */;
			compatibilityVersion = "Xcode 3.2";
			developmentRegion = English;
			hasScannedForEncodings = 0;
			knownRegions = (
				en,
			);
			mainGroup = 495BAC5618DCCC6200785BC8;
			productRefGroup = 495BAC6018DCCC6200785BC8 /* Products */;
			projectDirPath = "";
			projectRoot = "";
			targets = (
				495BAC5E18DCCC6200785BC8 /* InteractiveTransitionDemo */,
			);
		};
/* End PBXProject section */

/* Begin PBXResourcesBuildPhase section */
		495BAC5D18DCCC6200785BC8 /* Resources */ = {
			isa = PBXResourcesBuildPhase;
			buildActionMask = 2147483647;
			files = (
				495BAC6D18DCCC6200785BC8 /* InfoPlist.strings in Resources */,
				495BAC7518DCCC6200785BC8 /* Images.xcassets in Resources */,
			);
			runOnlyForDeploymentPostprocessing = 0;
		};
/* End PBXResourcesBuildPhase section */

/* Begin PBXShellScriptBuildPhase section */
		B0E07B879031436391AF897C /* Check Pods Manifest.lock */ = {
			isa = PBXShellScriptBuildPhase;
			buildActionMask = 2147483647;
			files = (
			);
			inputPaths = (
			);
			name = "Check Pods Manifest.lock";
			outputPaths = (
			);
			runOnlyForDeploymentPostprocessing = 0;
			shellPath = /bin/sh;
			shellScript = "diff \"${PODS_ROOT}/../Podfile.lock\" \"${PODS_ROOT}/Manifest.lock\" > /dev/null\nif [[ $? != 0 ]] ; then\n    cat << EOM\nerror: The sandbox is not in sync with the Podfile.lock. Run 'pod install' or update your CocoaPods installation.\nEOM\n    exit 1\nfi\n";
			showEnvVarsInLog = 0;
		};
		B597793C35DD4314A6803A2F /* Copy Pods Resources */ = {
			isa = PBXShellScriptBuildPhase;
			buildActionMask = 2147483647;
			files = (
			);
			inputPaths = (
			);
			name = "Copy Pods Resources";
			outputPaths = (
			);
			runOnlyForDeploymentPostprocessing = 0;
			shellPath = /bin/sh;
			shellScript = "\"${SRCROOT}/Pods/Pods-resources.sh\"\n";
			showEnvVarsInLog = 0;
		};
/* End PBXShellScriptBuildPhase section */

/* Begin PBXSourcesBuildPhase section */
		495BAC5B18DCCC6200785BC8 /* Sources */ = {
			isa = PBXSourcesBuildPhase;
			buildActionMask = 2147483647;
			files = (
				496052DC18EB332200235E06 /* TWTPopTransitionController.m in Sources */,
				495BAC7318DCCC6200785BC8 /* TWTAppDelegate.m in Sources */,
				496052DF18EB352900235E06 /* UIColor+TWTNext.m in Sources */,
				495BAC6F18DCCC6200785BC8 /* main.m in Sources */,
				495BAC9318DCCD8400785BC8 /* TWTViewController.m in Sources */,
			);
			runOnlyForDeploymentPostprocessing = 0;
		};
/* End PBXSourcesBuildPhase section */

/* Begin PBXVariantGroup section */
		495BAC6B18DCCC6200785BC8 /* InfoPlist.strings */ = {
			isa = PBXVariantGroup;
			children = (
				495BAC6C18DCCC6200785BC8 /* en */,
			);
			name = InfoPlist.strings;
			sourceTree = "<group>";
		};
/* End PBXVariantGroup section */

/* Begin XCBuildConfiguration section */
		495BAC8918DCCC6200785BC8 /* Debug */ = {
			isa = XCBuildConfiguration;
			buildSettings = {
				ALWAYS_SEARCH_USER_PATHS = NO;
				CLANG_CXX_LANGUAGE_STANDARD = "gnu++0x";
				CLANG_CXX_LIBRARY = "libc++";
				CLANG_ENABLE_MODULES = YES;
				CLANG_ENABLE_OBJC_ARC = YES;
				CLANG_WARN_BOOL_CONVERSION = YES;
				CLANG_WARN_CONSTANT_CONVERSION = YES;
				CLANG_WARN_DIRECT_OBJC_ISA_USAGE = YES_ERROR;
				CLANG_WARN_EMPTY_BODY = YES;
				CLANG_WARN_ENUM_CONVERSION = YES;
				CLANG_WARN_INT_CONVERSION = YES;
				CLANG_WARN_OBJC_ROOT_CLASS = YES_ERROR;
				CLANG_WARN__DUPLICATE_METHOD_MATCH = YES;
				"CODE_SIGN_IDENTITY[sdk=iphoneos*]" = "iPhone Developer";
				COPY_PHASE_STRIP = NO;
				GCC_C_LANGUAGE_STANDARD = gnu99;
				GCC_DYNAMIC_NO_PIC = NO;
				GCC_OPTIMIZATION_LEVEL = 0;
				GCC_PREPROCESSOR_DEFINITIONS = (
					"DEBUG=1",
					"$(inherited)",
				);
				GCC_SYMBOLS_PRIVATE_EXTERN = NO;
				GCC_WARN_64_TO_32_BIT_CONVERSION = YES;
				GCC_WARN_ABOUT_RETURN_TYPE = YES_ERROR;
				GCC_WARN_UNDECLARED_SELECTOR = YES;
				GCC_WARN_UNINITIALIZED_AUTOS = YES_AGGRESSIVE;
				GCC_WARN_UNUSED_FUNCTION = YES;
				GCC_WARN_UNUSED_VARIABLE = YES;
				IPHONEOS_DEPLOYMENT_TARGET = 7.1;
				ONLY_ACTIVE_ARCH = YES;
				SDKROOT = iphoneos;
			};
			name = Debug;
		};
		495BAC8A18DCCC6200785BC8 /* Release */ = {
			isa = XCBuildConfiguration;
			buildSettings = {
				ALWAYS_SEARCH_USER_PATHS = NO;
				CLANG_CXX_LANGUAGE_STANDARD = "gnu++0x";
				CLANG_CXX_LIBRARY = "libc++";
				CLANG_ENABLE_MODULES = YES;
				CLANG_ENABLE_OBJC_ARC = YES;
				CLANG_WARN_BOOL_CONVERSION = YES;
				CLANG_WARN_CONSTANT_CONVERSION = YES;
				CLANG_WARN_DIRECT_OBJC_ISA_USAGE = YES_ERROR;
				CLANG_WARN_EMPTY_BODY = YES;
				CLANG_WARN_ENUM_CONVERSION = YES;
				CLANG_WARN_INT_CONVERSION = YES;
				CLANG_WARN_OBJC_ROOT_CLASS = YES_ERROR;
				CLANG_WARN__DUPLICATE_METHOD_MATCH = YES;
				"CODE_SIGN_IDENTITY[sdk=iphoneos*]" = "iPhone Developer";
				COPY_PHASE_STRIP = YES;
				ENABLE_NS_ASSERTIONS = NO;
				GCC_C_LANGUAGE_STANDARD = gnu99;
				GCC_WARN_64_TO_32_BIT_CONVERSION = YES;
				GCC_WARN_ABOUT_RETURN_TYPE = YES_ERROR;
				GCC_WARN_UNDECLARED_SELECTOR = YES;
				GCC_WARN_UNINITIALIZED_AUTOS = YES_AGGRESSIVE;
				GCC_WARN_UNUSED_FUNCTION = YES;
				GCC_WARN_UNUSED_VARIABLE = YES;
				IPHONEOS_DEPLOYMENT_TARGET = 7.1;
				SDKROOT = iphoneos;
				VALIDATE_PRODUCT = YES;
			};
			name = Release;
		};
		495BAC8C18DCCC6200785BC8 /* Debug */ = {
			isa = XCBuildConfiguration;
			baseConfigurationReference = 324B6C20AB7040B1A475C5D2 /* Pods.xcconfig */;
			buildSettings = {
				ASSETCATALOG_COMPILER_APPICON_NAME = AppIcon;
				ASSETCATALOG_COMPILER_LAUNCHIMAGE_NAME = LaunchImage;
				GCC_PRECOMPILE_PREFIX_HEADER = YES;
				GCC_PREFIX_HEADER = "InteractiveTransitionDemo/InteractiveTransitionDemo-Prefix.pch";
				INFOPLIST_FILE = "InteractiveTransitionDemo/InteractiveTransitionDemo-Info.plist";
				PRODUCT_NAME = "$(TARGET_NAME)";
				WRAPPER_EXTENSION = app;
			};
			name = Debug;
		};
		495BAC8D18DCCC6200785BC8 /* Release */ = {
			isa = XCBuildConfiguration;
			baseConfigurationReference = 324B6C20AB7040B1A475C5D2 /* Pods.xcconfig */;
			buildSettings = {
				ASSETCATALOG_COMPILER_APPICON_NAME = AppIcon;
				ASSETCATALOG_COMPILER_LAUNCHIMAGE_NAME = LaunchImage;
				GCC_PRECOMPILE_PREFIX_HEADER = YES;
				GCC_PREFIX_HEADER = "InteractiveTransitionDemo/InteractiveTransitionDemo-Prefix.pch";
				INFOPLIST_FILE = "InteractiveTransitionDemo/InteractiveTransitionDemo-Info.plist";
				PRODUCT_NAME = "$(TARGET_NAME)";
				WRAPPER_EXTENSION = app;
			};
			name = Release;
		};
/* End XCBuildConfiguration section */

/* Begin XCConfigurationList section */
		495BAC5A18DCCC6200785BC8 /* Build configuration list for PBXProject "InteractiveTransitionDemo" */ = {
			isa = XCConfigurationList;
			buildConfigurations = (
				495BAC8918DCCC6200785BC8 /* Debug */,
				495BAC8A18DCCC6200785BC8 /* Release */,
			);
			defaultConfigurationIsVisible = 0;
			defaultConfigurationName = Release;
		};
		495BAC8B18DCCC6200785BC8 /* Build configuration list for PBXNativeTarget "InteractiveTransitionDemo" */ = {
			isa = XCConfigurationList;
			buildConfigurations = (
				495BAC8C18DCCC6200785BC8 /* Debug */,
				495BAC8D18DCCC6200785BC8 /* Release */,
			);
			defaultConfigurationIsVisible = 0;
			defaultConfigurationName = Release;
		};
/* End XCConfigurationList section */
	};
	rootObject = 495BAC5718DCCC6200785BC8 /* Project object */;
}
